
Microsoft Visual Studio Solution File, Format Version 12.00
# Visual Studio Version 17
VisualStudioVersion = 17.9.34407.89
MinimumVisualStudioVersion = 10.0.40219.1
Project("{FAE04EC0-301F-11D3-BF4B-00C04F79EFBC}") = "BulkySelfWeb", "BulkySelfWeb\BulkySelfWeb.csproj", "{350E2254-E44B-466F-A843-1BEE565CC550}"
EndProject
Project("{FAE04EC0-301F-11D3-BF4B-00C04F79EFBC}") = "BulkySelf.DataAccess", "BulkySelf.DataAccess\BulkySelf.DataAccess.csproj", "{2C1B67AC-8599-48D7-B9F6-2BFCA3BCD474}"
EndProject
Project("{FAE04EC0-301F-11D3-BF4B-00C04F79EFBC}") = "BulkySelf.Models", "BulkySelf.Models\BulkySelf.Models.csproj", "{15C4D18A-DB34-445F-BD66-C615B19DA49D}"
EndProject
Project("{FAE04EC0-301F-11D3-BF4B-00C04F79EFBC}") = "BulkySelf.Utility", "BulkySelf.Utility\BulkySelf.Utility.csproj", "{916E89D1-E71C-4123-9DFA-136FB970E133}"
EndProject
Global
	GlobalSection(SolutionConfigurationPlatforms) = preSolution
		Debug|Any CPU = Debug|Any CPU
		Release|Any CPU = Release|Any CPU
	EndGlobalSection
	GlobalSection(ProjectConfigurationPlatforms) = postSolution
		{350E2254-E44B-466F-A843-1BEE565CC550}.Debug|Any CPU.ActiveCfg = Debug|Any CPU
		{350E2254-E44B-466F-A843-1BEE565CC550}.Debug|Any CPU.Build.0 = Debug|Any CPU
		{350E2254-E44B-466F-A843-1BEE565CC550}.Release|Any CPU.ActiveCfg = Release|Any CPU
		{350E2254-E44B-466F-A843-1BEE565CC550}.Release|Any CPU.Build.0 = Release|Any CPU
		{2C1B67AC-8599-48D7-B9F6-2BFCA3BCD474}.Debug|Any CPU.ActiveCfg = Debug|Any CPU
		{2C1B67AC-8599-48D7-B9F6-2BFCA3BCD474}.Debug|Any CPU.Build.0 = Debug|Any CPU
		{2C1B67AC-8599-48D7-B9F6-2BFCA3BCD474}.Release|Any CPU.ActiveCfg = Release|Any CPU
		{2C1B67AC-8599-48D7-B9F6-2BFCA3BCD474}.Release|Any CPU.Build.0 = Release|Any CPU
		{15C4D18A-DB34-445F-BD66-C615B19DA49D}.Debug|Any CPU.ActiveCfg = Debug|Any CPU
		{15C4D18A-DB34-445F-BD66-C615B19DA49D}.Debug|Any CPU.Build.0 = Debug|Any CPU
		{15C4D18A-DB34-445F-BD66-C615B19DA49D}.Release|Any CPU.ActiveCfg = Release|Any CPU
		{15C4D18A-DB34-445F-BD66-C615B19DA49D}.Release|Any CPU.Build.0 = Release|Any CPU
		{916E89D1-E71C-4123-9DFA-136FB970E133}.Debug|Any CPU.ActiveCfg = Debug|Any CPU
		{916E89D1-E71C-4123-9DFA-136FB970E133}.Debug|Any CPU.Build.0 = Debug|Any CPU
		{916E89D1-E71C-4123-9DFA-136FB970E133}.Release|Any CPU.ActiveCfg = Release|Any CPU
		{916E89D1-E71C-4123-9DFA-136FB970E133}.Release|Any CPU.Build.0 = Release|Any CPU
	EndGlobalSection
	GlobalSection(SolutionProperties) = preSolution
		HideSolutionNode = FALSE
	EndGlobalSection
	GlobalSection(ExtensibilityGlobals) = postSolution
		SolutionGuid = {A27D82D5-C1BF-4BC2-9005-4DBDFA7DC0BA}
	EndGlobalSection
EndGlobal
